// !$*UTF8*$!
{
	archiveVersion = 1;
	classes = {
	};
	objectVersion = 51;
	objects = {

/* Begin PBXBuildFile section */
		B2077741C640320BAB1D8F9C /* Pods_demotest.framework in Frameworks */ = {isa = PBXBuildFile; fileRef = 19755BC0DAF723F7C236D3C4 /* Pods_demotest.framework */; };
		C40BDB7E255A6BFC00B70101 /* AppDelegate.swift in Sources */ = {isa = PBXBuildFile; fileRef = C40BDB7D255A6BFC00B70101 /* AppDelegate.swift */; };
		C40BDB84255A6BFD00B70101 /* Assets.xcassets in Resources */ = {isa = PBXBuildFile; fileRef = C40BDB83255A6BFD00B70101 /* Assets.xcassets */; };
		C40BDB87255A6BFD00B70101 /* Preview Assets.xcassets in Resources */ = {isa = PBXBuildFile; fileRef = C40BDB86255A6BFD00B70101 /* Preview Assets.xcassets */; };
		C40BDB8A255A6BFD00B70101 /* LaunchScreen.storyboard in Resources */ = {isa = PBXBuildFile; fileRef = C40BDB88255A6BFD00B70101 /* LaunchScreen.storyboard */; };
		C40BDB95255A6BFD00B70101 /* demotestTests.swift in Sources */ = {isa = PBXBuildFile; fileRef = C40BDB94255A6BFD00B70101 /* demotestTests.swift */; };
		C40BDBA0255A6BFD00B70101 /* demotestUITests.swift in Sources */ = {isa = PBXBuildFile; fileRef = C40BDB9F255A6BFD00B70101 /* demotestUITests.swift */; };
		C40BDBB4255A6C6300B70101 /* RootViewController.swift in Sources */ = {isa = PBXBuildFile; fileRef = C40BDBB3255A6C6300B70101 /* RootViewController.swift */; };
		C441BDB8257F53F8003FE549 /* DKLCalendarViewController.swift in Sources */ = {isa = PBXBuildFile; fileRef = C441BDB7257F53F8003FE549 /* DKLCalendarViewController.swift */; };
		C441BDC0257F5453003FE549 /* DKLCalendarView.swift in Sources */ = {isa = PBXBuildFile; fileRef = C441BDBF257F5453003FE549 /* DKLCalendarView.swift */; };
		C441BDCB257F6CA3003FE549 /* DKLCalendarCell.swift in Sources */ = {isa = PBXBuildFile; fileRef = C441BDCA257F6CA3003FE549 /* DKLCalendarCell.swift */; };
		C441BDD0257F6FAD003FE549 /* DKLCalendarManager.swift in Sources */ = {isa = PBXBuildFile; fileRef = C441BDCF257F6FAD003FE549 /* DKLCalendarManager.swift */; };
		C441BDD5257F7143003FE549 /* DKLCalendarReusableHeaderView.swift in Sources */ = {isa = PBXBuildFile; fileRef = C441BDD4257F7143003FE549 /* DKLCalendarReusableHeaderView.swift */; };
		C441BDDA257F77DC003FE549 /* DKLCalendarConfigure.swift in Sources */ = {isa = PBXBuildFile; fileRef = C441BDD9257F77DC003FE549 /* DKLCalendarConfigure.swift */; };
		C4CE302F256E349500FCB39E /* LineChartViewController.swift in Sources */ = {isa = PBXBuildFile; fileRef = C4CE302E256E349500FCB39E /* LineChartViewController.swift */; };
		C4CE3034256E3FC100FCB39E /* DKLLineChartView.swift in Sources */ = {isa = PBXBuildFile; fileRef = C4CE3033256E3FC100FCB39E /* DKLLineChartView.swift */; };
		C4CE3039256E438200FCB39E /* TestViewController.swift in Sources */ = {isa = PBXBuildFile; fileRef = C4CE3038256E438200FCB39E /* TestViewController.swift */; };
		C4D62034257FC2D000C26AA1 /* CalendarViewReusableView.swift in Sources */ = {isa = PBXBuildFile; fileRef = C4D6202D257FC2D000C26AA1 /* CalendarViewReusableView.swift */; };
		C4D62035257FC2D000C26AA1 /* CalendarViewReusableView.xib in Resources */ = {isa = PBXBuildFile; fileRef = C4D6202E257FC2D000C26AA1 /* CalendarViewReusableView.xib */; };
		C4D62036257FC2D000C26AA1 /* CalendarConfigure.swift in Sources */ = {isa = PBXBuildFile; fileRef = C4D6202F257FC2D000C26AA1 /* CalendarConfigure.swift */; };
		C4D62037257FC2D000C26AA1 /* CalendarMenuView.swift in Sources */ = {isa = PBXBuildFile; fileRef = C4D62030257FC2D000C26AA1 /* CalendarMenuView.swift */; };
		C4D62038257FC2D000C26AA1 /* CalendarViewController.swift in Sources */ = {isa = PBXBuildFile; fileRef = C4D62031257FC2D000C26AA1 /* CalendarViewController.swift */; };
		C4D62039257FC2D000C26AA1 /* CalendarViewCell.swift in Sources */ = {isa = PBXBuildFile; fileRef = C4D62032257FC2D000C26AA1 /* CalendarViewCell.swift */; };
		C4D6203A257FC2D000C26AA1 /* CalendarViewCell.xib in Resources */ = {isa = PBXBuildFile; fileRef = C4D62033257FC2D000C26AA1 /* CalendarViewCell.xib */; };
		C4D9EEA1256FC6A00018BDD3 /* OCViewController.m in Sources */ = {isa = PBXBuildFile; fileRef = C4D9EEA0256FC6A00018BDD3 /* OCViewController.m */; };
		C4FEE8642578C6B100612668 /* DKLCircleChartView.swift in Sources */ = {isa = PBXBuildFile; fileRef = C4FEE8632578C6B100612668 /* DKLCircleChartView.swift */; };
/* End PBXBuildFile section */

/* Begin PBXContainerItemProxy section */
		C40BDB91255A6BFD00B70101 /* PBXContainerItemProxy */ = {
			isa = PBXContainerItemProxy;
			containerPortal = C40BDB72255A6BFC00B70101 /* Project object */;
			proxyType = 1;
			remoteGlobalIDString = C40BDB79255A6BFC00B70101;
			remoteInfo = demotest;
		};
		C40BDB9C255A6BFD00B70101 /* PBXContainerItemProxy */ = {
			isa = PBXContainerItemProxy;
			containerPortal = C40BDB72255A6BFC00B70101 /* Project object */;
			proxyType = 1;
			remoteGlobalIDString = C40BDB79255A6BFC00B70101;
			remoteInfo = demotest;
		};
/* End PBXContainerItemProxy section */

/* Begin PBXFileReference section */
		19755BC0DAF723F7C236D3C4 /* Pods_demotest.framework */ = {isa = PBXFileReference; explicitFileType = wrapper.framework; includeInIndex = 0; path = Pods_demotest.framework; sourceTree = BUILT_PRODUCTS_DIR; };
		2D6909CA2A72666E12ECE3F6 /* Pods-demotest.debug.xcconfig */ = {isa = PBXFileReference; includeInIndex = 1; lastKnownFileType = text.xcconfig; name = "Pods-demotest.debug.xcconfig"; path = "Target Support Files/Pods-demotest/Pods-demotest.debug.xcconfig"; sourceTree = "<group>"; };
		9FF630FB922566C34627BDE0 /* Pods-demotest.release.xcconfig */ = {isa = PBXFileReference; includeInIndex = 1; lastKnownFileType = text.xcconfig; name = "Pods-demotest.release.xcconfig"; path = "Target Support Files/Pods-demotest/Pods-demotest.release.xcconfig"; sourceTree = "<group>"; };
		C40BDB7A255A6BFC00B70101 /* demotest.app */ = {isa = PBXFileReference; explicitFileType = wrapper.application; includeInIndex = 0; path = demotest.app; sourceTree = BUILT_PRODUCTS_DIR; };
		C40BDB7D255A6BFC00B70101 /* AppDelegate.swift */ = {isa = PBXFileReference; lastKnownFileType = sourcecode.swift; path = AppDelegate.swift; sourceTree = "<group>"; };
		C40BDB83255A6BFD00B70101 /* Assets.xcassets */ = {isa = PBXFileReference; lastKnownFileType = folder.assetcatalog; path = Assets.xcassets; sourceTree = "<group>"; };
		C40BDB86255A6BFD00B70101 /* Preview Assets.xcassets */ = {isa = PBXFileReference; lastKnownFileType = folder.assetcatalog; path = "Preview Assets.xcassets"; sourceTree = "<group>"; };
		C40BDB89255A6BFD00B70101 /* Base */ = {isa = PBXFileReference; lastKnownFileType = file.storyboard; name = Base; path = Base.lproj/LaunchScreen.storyboard; sourceTree = "<group>"; };
		C40BDB8B255A6BFD00B70101 /* Info.plist */ = {isa = PBXFileReference; lastKnownFileType = text.plist.xml; path = Info.plist; sourceTree = "<group>"; };
		C40BDB90255A6BFD00B70101 /* demotestTests.xctest */ = {isa = PBXFileReference; explicitFileType = wrapper.cfbundle; includeInIndex = 0; path = demotestTests.xctest; sourceTree = BUILT_PRODUCTS_DIR; };
		C40BDB94255A6BFD00B70101 /* demotestTests.swift */ = {isa = PBXFileReference; lastKnownFileType = sourcecode.swift; path = demotestTests.swift; sourceTree = "<group>"; };
		C40BDB96255A6BFD00B70101 /* Info.plist */ = {isa = PBXFileReference; lastKnownFileType = text.plist.xml; path = Info.plist; sourceTree = "<group>"; };
		C40BDB9B255A6BFD00B70101 /* demotestUITests.xctest */ = {isa = PBXFileReference; explicitFileType = wrapper.cfbundle; includeInIndex = 0; path = demotestUITests.xctest; sourceTree = BUILT_PRODUCTS_DIR; };
		C40BDB9F255A6BFD00B70101 /* demotestUITests.swift */ = {isa = PBXFileReference; lastKnownFileType = sourcecode.swift; path = demotestUITests.swift; sourceTree = "<group>"; };
		C40BDBA1255A6BFD00B70101 /* Info.plist */ = {isa = PBXFileReference; lastKnownFileType = text.plist.xml; path = Info.plist; sourceTree = "<group>"; };
		C40BDBB3255A6C6300B70101 /* RootViewController.swift */ = {isa = PBXFileReference; lastKnownFileType = sourcecode.swift; path = RootViewController.swift; sourceTree = "<group>"; };
		C441BDB7257F53F8003FE549 /* DKLCalendarViewController.swift */ = {isa = PBXFileReference; lastKnownFileType = sourcecode.swift; path = DKLCalendarViewController.swift; sourceTree = "<group>"; };
		C441BDBF257F5453003FE549 /* DKLCalendarView.swift */ = {isa = PBXFileReference; lastKnownFileType = sourcecode.swift; path = DKLCalendarView.swift; sourceTree = "<group>"; };
		C441BDCA257F6CA3003FE549 /* DKLCalendarCell.swift */ = {isa = PBXFileReference; lastKnownFileType = sourcecode.swift; path = DKLCalendarCell.swift; sourceTree = "<group>"; };
		C441BDCF257F6FAD003FE549 /* DKLCalendarManager.swift */ = {isa = PBXFileReference; lastKnownFileType = sourcecode.swift; path = DKLCalendarManager.swift; sourceTree = "<group>"; };
		C441BDD4257F7143003FE549 /* DKLCalendarReusableHeaderView.swift */ = {isa = PBXFileReference; lastKnownFileType = sourcecode.swift; path = DKLCalendarReusableHeaderView.swift; sourceTree = "<group>"; };
		C441BDD9257F77DC003FE549 /* DKLCalendarConfigure.swift */ = {isa = PBXFileReference; lastKnownFileType = sourcecode.swift; path = DKLCalendarConfigure.swift; sourceTree = "<group>"; };
		C4CE302E256E349500FCB39E /* LineChartViewController.swift */ = {isa = PBXFileReference; lastKnownFileType = sourcecode.swift; path = LineChartViewController.swift; sourceTree = "<group>"; };
		C4CE3033256E3FC100FCB39E /* DKLLineChartView.swift */ = {isa = PBXFileReference; lastKnownFileType = sourcecode.swift; path = DKLLineChartView.swift; sourceTree = "<group>"; };
		C4CE3038256E438200FCB39E /* TestViewController.swift */ = {isa = PBXFileReference; lastKnownFileType = sourcecode.swift; path = TestViewController.swift; sourceTree = "<group>"; };
		C4CE303D256E545000FCB39E /* demotest-Bridging-Header.h */ = {isa = PBXFileReference; lastKnownFileType = sourcecode.c.h; path = "demotest-Bridging-Header.h"; sourceTree = "<group>"; };
		C4D6202D257FC2D000C26AA1 /* CalendarViewReusableView.swift */ = {isa = PBXFileReference; fileEncoding = 4; lastKnownFileType = sourcecode.swift; path = CalendarViewReusableView.swift; sourceTree = "<group>"; };
		C4D6202E257FC2D000C26AA1 /* CalendarViewReusableView.xib */ = {isa = PBXFileReference; fileEncoding = 4; lastKnownFileType = file.xib; path = CalendarViewReusableView.xib; sourceTree = "<group>"; };
		C4D6202F257FC2D000C26AA1 /* CalendarConfigure.swift */ = {isa = PBXFileReference; fileEncoding = 4; lastKnownFileType = sourcecode.swift; path = CalendarConfigure.swift; sourceTree = "<group>"; };
		C4D62030257FC2D000C26AA1 /* CalendarMenuView.swift */ = {isa = PBXFileReference; fileEncoding = 4; lastKnownFileType = sourcecode.swift; path = CalendarMenuView.swift; sourceTree = "<group>"; };
		C4D62031257FC2D000C26AA1 /* CalendarViewController.swift */ = {isa = PBXFileReference; fileEncoding = 4; lastKnownFileType = sourcecode.swift; path = CalendarViewController.swift; sourceTree = "<group>"; };
		C4D62032257FC2D000C26AA1 /* CalendarViewCell.swift */ = {isa = PBXFileReference; fileEncoding = 4; lastKnownFileType = sourcecode.swift; path = CalendarViewCell.swift; sourceTree = "<group>"; };
		C4D62033257FC2D000C26AA1 /* CalendarViewCell.xib */ = {isa = PBXFileReference; fileEncoding = 4; lastKnownFileType = file.xib; path = CalendarViewCell.xib; sourceTree = "<group>"; };
		C4D9EE9F256FC6A00018BDD3 /* OCViewController.h */ = {isa = PBXFileReference; lastKnownFileType = sourcecode.c.h; path = OCViewController.h; sourceTree = "<group>"; };
		C4D9EEA0256FC6A00018BDD3 /* OCViewController.m */ = {isa = PBXFileReference; lastKnownFileType = sourcecode.c.objc; path = OCViewController.m; sourceTree = "<group>"; };
		C4FEE8632578C6B100612668 /* DKLCircleChartView.swift */ = {isa = PBXFileReference; lastKnownFileType = sourcecode.swift; path = DKLCircleChartView.swift; sourceTree = "<group>"; };
/* End PBXFileReference section */

/* Begin PBXFrameworksBuildPhase section */
		C40BDB77255A6BFC00B70101 /* Frameworks */ = {
			isa = PBXFrameworksBuildPhase;
			buildActionMask = 2147483647;
			files = (
				B2077741C640320BAB1D8F9C /* Pods_demotest.framework in Frameworks */,
			);
			runOnlyForDeploymentPostprocessing = 0;
		};
		C40BDB8D255A6BFD00B70101 /* Frameworks */ = {
			isa = PBXFrameworksBuildPhase;
			buildActionMask = 2147483647;
			files = (
			);
			runOnlyForDeploymentPostprocessing = 0;
		};
		C40BDB98255A6BFD00B70101 /* Frameworks */ = {
			isa = PBXFrameworksBuildPhase;
			buildActionMask = 2147483647;
			files = (
			);
			runOnlyForDeploymentPostprocessing = 0;
		};
/* End PBXFrameworksBuildPhase section */

/* Begin PBXGroup section */
		C049B48EBA4BDA220B02C4EF /* Frameworks */ = {
			isa = PBXGroup;
			children = (
				19755BC0DAF723F7C236D3C4 /* Pods_demotest.framework */,
			);
			name = Frameworks;
			sourceTree = "<group>";
		};
		C40BDB71255A6BFC00B70101 = {
			isa = PBXGroup;
			children = (
				C40BDB7C255A6BFC00B70101 /* demotest */,
				C40BDB93255A6BFD00B70101 /* demotestTests */,
				C40BDB9E255A6BFD00B70101 /* demotestUITests */,
				C40BDB7B255A6BFC00B70101 /* Products */,
				DC084994F4CC0C1AB4F57ECC /* Pods */,
				C049B48EBA4BDA220B02C4EF /* Frameworks */,
			);
			sourceTree = "<group>";
		};
		C40BDB7B255A6BFC00B70101 /* Products */ = {
			isa = PBXGroup;
			children = (
				C40BDB7A255A6BFC00B70101 /* demotest.app */,
				C40BDB90255A6BFD00B70101 /* demotestTests.xctest */,
				C40BDB9B255A6BFD00B70101 /* demotestUITests.xctest */,
			);
			name = Products;
			sourceTree = "<group>";
		};
		C40BDB7C255A6BFC00B70101 /* demotest */ = {
			isa = PBXGroup;
			children = (
				C40BDB7D255A6BFC00B70101 /* AppDelegate.swift */,
				C40BDBB3255A6C6300B70101 /* RootViewController.swift */,
				C4CE302E256E349500FCB39E /* LineChartViewController.swift */,
				C4CE3038256E438200FCB39E /* TestViewController.swift */,
				C4CE3033256E3FC100FCB39E /* DKLLineChartView.swift */,
				C4FEE8632578C6B100612668 /* DKLCircleChartView.swift */,
				C4D62026257FC2B700C26AA1 /* Calendar */,
				C441BDB6257F53DD003FE549 /* DKLCalendarViewController */,
				C4D9EE9F256FC6A00018BDD3 /* OCViewController.h */,
				C4D9EEA0256FC6A00018BDD3 /* OCViewController.m */,
				C40BDB83255A6BFD00B70101 /* Assets.xcassets */,
				C40BDB88255A6BFD00B70101 /* LaunchScreen.storyboard */,
				C40BDB8B255A6BFD00B70101 /* Info.plist */,
				C40BDB85255A6BFD00B70101 /* Preview Content */,
				C4CE303D256E545000FCB39E /* demotest-Bridging-Header.h */,
			);
			path = demotest;
			sourceTree = "<group>";
		};
		C40BDB85255A6BFD00B70101 /* Preview Content */ = {
			isa = PBXGroup;
			children = (
				C40BDB86255A6BFD00B70101 /* Preview Assets.xcassets */,
			);
			path = "Preview Content";
			sourceTree = "<group>";
		};
		C40BDB93255A6BFD00B70101 /* demotestTests */ = {
			isa = PBXGroup;
			children = (
				C40BDB94255A6BFD00B70101 /* demotestTests.swift */,
				C40BDB96255A6BFD00B70101 /* Info.plist */,
			);
			path = demotestTests;
			sourceTree = "<group>";
		};
		C40BDB9E255A6BFD00B70101 /* demotestUITests */ = {
			isa = PBXGroup;
			children = (
				C40BDB9F255A6BFD00B70101 /* demotestUITests.swift */,
				C40BDBA1255A6BFD00B70101 /* Info.plist */,
			);
			path = demotestUITests;
			sourceTree = "<group>";
		};
		C441BDB6257F53DD003FE549 /* DKLCalendarViewController */ = {
			isa = PBXGroup;
			children = (
				C441BDB7257F53F8003FE549 /* DKLCalendarViewController.swift */,
				C441BDBF257F5453003FE549 /* DKLCalendarView.swift */,
				C441BDD4257F7143003FE549 /* DKLCalendarReusableHeaderView.swift */,
				C441BDCA257F6CA3003FE549 /* DKLCalendarCell.swift */,
				C441BDD9257F77DC003FE549 /* DKLCalendarConfigure.swift */,
				C441BDCF257F6FAD003FE549 /* DKLCalendarManager.swift */,
			);
			path = DKLCalendarViewController;
			sourceTree = "<group>";
		};
		C4D62026257FC2B700C26AA1 /* Calendar */ = {
			isa = PBXGroup;
			children = (
				C4D6202F257FC2D000C26AA1 /* CalendarConfigure.swift */,
				C4D62030257FC2D000C26AA1 /* CalendarMenuView.swift */,
				C4D62032257FC2D000C26AA1 /* CalendarViewCell.swift */,
				C4D62033257FC2D000C26AA1 /* CalendarViewCell.xib */,
				C4D62031257FC2D000C26AA1 /* CalendarViewController.swift */,
				C4D6202D257FC2D000C26AA1 /* CalendarViewReusableView.swift */,
				C4D6202E257FC2D000C26AA1 /* CalendarViewReusableView.xib */,
			);
			path = Calendar;
			sourceTree = "<group>";
		};
		DC084994F4CC0C1AB4F57ECC /* Pods */ = {
			isa = PBXGroup;
			children = (
				2D6909CA2A72666E12ECE3F6 /* Pods-demotest.debug.xcconfig */,
				9FF630FB922566C34627BDE0 /* Pods-demotest.release.xcconfig */,
			);
			path = Pods;
			sourceTree = "<group>";
		};
/* End PBXGroup section */

/* Begin PBXNativeTarget section */
		C40BDB79255A6BFC00B70101 /* demotest */ = {
			isa = PBXNativeTarget;
			buildConfigurationList = C40BDBA4255A6BFD00B70101 /* Build configuration list for PBXNativeTarget "demotest" */;
			buildPhases = (
				5FBC6079CBC4A83EFC47BC34 /* [CP] Check Pods Manifest.lock */,
				C40BDB76255A6BFC00B70101 /* Sources */,
				C40BDB77255A6BFC00B70101 /* Frameworks */,
				C40BDB78255A6BFC00B70101 /* Resources */,
				5AA5CB518E7C77D7748EF497 /* [CP] Embed Pods Frameworks */,
			);
			buildRules = (
			);
			dependencies = (
			);
			name = demotest;
			productName = demotest;
			productReference = C40BDB7A255A6BFC00B70101 /* demotest.app */;
			productType = "com.apple.product-type.application";
		};
		C40BDB8F255A6BFD00B70101 /* demotestTests */ = {
			isa = PBXNativeTarget;
			buildConfigurationList = C40BDBA7255A6BFD00B70101 /* Build configuration list for PBXNativeTarget "demotestTests" */;
			buildPhases = (
				C40BDB8C255A6BFD00B70101 /* Sources */,
				C40BDB8D255A6BFD00B70101 /* Frameworks */,
				C40BDB8E255A6BFD00B70101 /* Resources */,
			);
			buildRules = (
			);
			dependencies = (
				C40BDB92255A6BFD00B70101 /* PBXTargetDependency */,
			);
			name = demotestTests;
			productName = demotestTests;
			productReference = C40BDB90255A6BFD00B70101 /* demotestTests.xctest */;
			productType = "com.apple.product-type.bundle.unit-test";
		};
		C40BDB9A255A6BFD00B70101 /* demotestUITests */ = {
			isa = PBXNativeTarget;
			buildConfigurationList = C40BDBAA255A6BFD00B70101 /* Build configuration list for PBXNativeTarget "demotestUITests" */;
			buildPhases = (
				C40BDB97255A6BFD00B70101 /* Sources */,
				C40BDB98255A6BFD00B70101 /* Frameworks */,
				C40BDB99255A6BFD00B70101 /* Resources */,
			);
			buildRules = (
			);
			dependencies = (
				C40BDB9D255A6BFD00B70101 /* PBXTargetDependency */,
			);
			name = demotestUITests;
			productName = demotestUITests;
			productReference = C40BDB9B255A6BFD00B70101 /* demotestUITests.xctest */;
			productType = "com.apple.product-type.bundle.ui-testing";
		};
/* End PBXNativeTarget section */

/* Begin PBXProject section */
		C40BDB72255A6BFC00B70101 /* Project object */ = {
			isa = PBXProject;
			attributes = {
				LastSwiftUpdateCheck = 1210;
				LastUpgradeCheck = 1210;
				TargetAttributes = {
					C40BDB79255A6BFC00B70101 = {
						CreatedOnToolsVersion = 12.1;
						LastSwiftMigration = 1220;
					};
					C40BDB8F255A6BFD00B70101 = {
						CreatedOnToolsVersion = 12.1;
						TestTargetID = C40BDB79255A6BFC00B70101;
					};
					C40BDB9A255A6BFD00B70101 = {
						CreatedOnToolsVersion = 12.1;
						TestTargetID = C40BDB79255A6BFC00B70101;
					};
				};
			};
			buildConfigurationList = C40BDB75255A6BFC00B70101 /* Build configuration list for PBXProject "demotest" */;
			compatibilityVersion = "Xcode 9.3";
			developmentRegion = en;
			hasScannedForEncodings = 0;
			knownRegions = (
				en,
				Base,
			);
			mainGroup = C40BDB71255A6BFC00B70101;
			productRefGroup = C40BDB7B255A6BFC00B70101 /* Products */;
			projectDirPath = "";
			projectRoot = "";
			targets = (
				C40BDB79255A6BFC00B70101 /* demotest */,
				C40BDB8F255A6BFD00B70101 /* demotestTests */,
				C40BDB9A255A6BFD00B70101 /* demotestUITests */,
			);
		};
/* End PBXProject section */

/* Begin PBXResourcesBuildPhase section */
		C40BDB78255A6BFC00B70101 /* Resources */ = {
			isa = PBXResourcesBuildPhase;
			buildActionMask = 2147483647;
			files = (
				C4D62035257FC2D000C26AA1 /* CalendarViewReusableView.xib in Resources */,
				C4D6203A257FC2D000C26AA1 /* CalendarViewCell.xib in Resources */,
				C40BDB8A255A6BFD00B70101 /* LaunchScreen.storyboard in Resources */,
				C40BDB87255A6BFD00B70101 /* Preview Assets.xcassets in Resources */,
				C40BDB84255A6BFD00B70101 /* Assets.xcassets in Resources */,
			);
			runOnlyForDeploymentPostprocessing = 0;
		};
		C40BDB8E255A6BFD00B70101 /* Resources */ = {
			isa = PBXResourcesBuildPhase;
			buildActionMask = 2147483647;
			files = (
			);
			runOnlyForDeploymentPostprocessing = 0;
		};
		C40BDB99255A6BFD00B70101 /* Resources */ = {
			isa = PBXResourcesBuildPhase;
			buildActionMask = 2147483647;
			files = (
			);
			runOnlyForDeploymentPostprocessing = 0;
		};
/* End PBXResourcesBuildPhase section */

/* Begin PBXShellScriptBuildPhase section */
		5AA5CB518E7C77D7748EF497 /* [CP] Embed Pods Frameworks */ = {
			isa = PBXShellScriptBuildPhase;
			buildActionMask = 2147483647;
			files = (
			);
			inputFileListPaths = (
				"${PODS_ROOT}/Target Support Files/Pods-demotest/Pods-demotest-frameworks-${CONFIGURATION}-input-files.xcfilelist",
			);
			name = "[CP] Embed Pods Frameworks";
			outputFileListPaths = (
				"${PODS_ROOT}/Target Support Files/Pods-demotest/Pods-demotest-frameworks-${CONFIGURATION}-output-files.xcfilelist",
			);
			runOnlyForDeploymentPostprocessing = 0;
			shellPath = /bin/sh;
			shellScript = "\"${PODS_ROOT}/Target Support Files/Pods-demotest/Pods-demotest-frameworks.sh\"\n";
			showEnvVarsInLog = 0;
		};
		5FBC6079CBC4A83EFC47BC34 /* [CP] Check Pods Manifest.lock */ = {
			isa = PBXShellScriptBuildPhase;
			buildActionMask = 2147483647;
			files = (
			);
			inputFileListPaths = (
			);
			inputPaths = (
				"${PODS_PODFILE_DIR_PATH}/Podfile.lock",
				"${PODS_ROOT}/Manifest.lock",
			);
			name = "[CP] Check Pods Manifest.lock";
			outputFileListPaths = (
			);
			outputPaths = (
				"$(DERIVED_FILE_DIR)/Pods-demotest-checkManifestLockResult.txt",
			);
			runOnlyForDeploymentPostprocessing = 0;
			shellPath = /bin/sh;
			shellScript = "diff \"${PODS_PODFILE_DIR_PATH}/Podfile.lock\" \"${PODS_ROOT}/Manifest.lock\" > /dev/null\nif [ $? != 0 ] ; then\n    # print error to STDERR\n    echo \"error: The sandbox is not in sync with the Podfile.lock. Run 'pod install' or update your CocoaPods installation.\" >&2\n    exit 1\nfi\n# This output is used by Xcode 'outputs' to avoid re-running this script phase.\necho \"SUCCESS\" > \"${SCRIPT_OUTPUT_FILE_0}\"\n";
			showEnvVarsInLog = 0;
		};
/* End PBXShellScriptBuildPhase section */

/* Begin PBXSourcesBuildPhase section */
		C40BDB76255A6BFC00B70101 /* Sources */ = {
			isa = PBXSourcesBuildPhase;
			buildActionMask = 2147483647;
			files = (
				C441BDD0257F6FAD003FE549 /* DKLCalendarManager.swift in Sources */,
				C4CE3039256E438200FCB39E /* TestViewController.swift in Sources */,
				C4D62038257FC2D000C26AA1 /* CalendarViewController.swift in Sources */,
				C4D9EEA1256FC6A00018BDD3 /* OCViewController.m in Sources */,
				C40BDBB4255A6C6300B70101 /* RootViewController.swift in Sources */,
				C441BDDA257F77DC003FE549 /* DKLCalendarConfigure.swift in Sources */,
				C4D62039257FC2D000C26AA1 /* CalendarViewCell.swift in Sources */,
				C4CE3034256E3FC100FCB39E /* DKLLineChartView.swift in Sources */,
				C4D62036257FC2D000C26AA1 /* CalendarConfigure.swift in Sources */,
				C4FEE8642578C6B100612668 /* DKLCircleChartView.swift in Sources */,
				C4CE302F256E349500FCB39E /* LineChartViewController.swift in Sources */,
				C441BDC0257F5453003FE549 /* DKLCalendarView.swift in Sources */,
				C441BDCB257F6CA3003FE549 /* DKLCalendarCell.swift in Sources */,
				C4D62037257FC2D000C26AA1 /* CalendarMenuView.swift in Sources */,
				C441BDB8257F53F8003FE549 /* DKLCalendarViewController.swift in Sources */,
				C441BDD5257F7143003FE549 /* DKLCalendarReusableHeaderView.swift in Sources */,
				C4D62034257FC2D000C26AA1 /* CalendarViewReusableView.swift in Sources */,
				C40BDB7E255A6BFC00B70101 /* AppDelegate.swift in Sources */,
			);
			runOnlyForDeploymentPostprocessing = 0;
		};
		C40BDB8C255A6BFD00B70101 /* Sources */ = {
			isa = PBXSourcesBuildPhase;
			buildActionMask = 2147483647;
			files = (
				C40BDB95255A6BFD00B70101 /* demotestTests.swift in Sources */,
			);
			runOnlyForDeploymentPostprocessing = 0;
		};
		C40BDB97255A6BFD00B70101 /* Sources */ = {
			isa = PBXSourcesBuildPhase;
			buildActionMask = 2147483647;
			files = (
				C40BDBA0255A6BFD00B70101 /* demotestUITests.swift in Sources */,
			);
			runOnlyForDeploymentPostprocessing = 0;
		};
/* End PBXSourcesBuildPhase section */

/* Begin PBXTargetDependency section */
		C40BDB92255A6BFD00B70101 /* PBXTargetDependency */ = {
			isa = PBXTargetDependency;
			target = C40BDB79255A6BFC00B70101 /* demotest */;
			targetProxy = C40BDB91255A6BFD00B70101 /* PBXContainerItemProxy */;
		};
		C40BDB9D255A6BFD00B70101 /* PBXTargetDependency */ = {
			isa = PBXTargetDependency;
			target = C40BDB79255A6BFC00B70101 /* demotest */;
			targetProxy = C40BDB9C255A6BFD00B70101 /* PBXContainerItemProxy */;
		};
/* End PBXTargetDependency section */

/* Begin PBXVariantGroup section */
		C40BDB88255A6BFD00B70101 /* LaunchScreen.storyboard */ = {
			isa = PBXVariantGroup;
			children = (
				C40BDB89255A6BFD00B70101 /* Base */,
			);
			name = LaunchScreen.storyboard;
			sourceTree = "<group>";
		};
/* End PBXVariantGroup section */

/* Begin XCBuildConfiguration section */
		C40BDBA2255A6BFD00B70101 /* Debug */ = {
			isa = XCBuildConfiguration;
			buildSettings = {
				ALWAYS_SEARCH_USER_PATHS = NO;
				CLANG_ANALYZER_NONNULL = YES;
				CLANG_ANALYZER_NUMBER_OBJECT_CONVERSION = YES_AGGRESSIVE;
				CLANG_CXX_LANGUAGE_STANDARD = "gnu++14";
				CLANG_CXX_LIBRARY = "libc++";
				CLANG_ENABLE_MODULES = YES;
				CLANG_ENABLE_OBJC_ARC = YES;
				CLANG_ENABLE_OBJC_WEAK = YES;
				CLANG_WARN_BLOCK_CAPTURE_AUTORELEASING = YES;
				CLANG_WARN_BOOL_CONVERSION = YES;
				CLANG_WARN_COMMA = YES;
				CLANG_WARN_CONSTANT_CONVERSION = YES;
				CLANG_WARN_DEPRECATED_OBJC_IMPLEMENTATIONS = YES;
				CLANG_WARN_DIRECT_OBJC_ISA_USAGE = YES_ERROR;
				CLANG_WARN_DOCUMENTATION_COMMENTS = YES;
				CLANG_WARN_EMPTY_BODY = YES;
				CLANG_WARN_ENUM_CONVERSION = YES;
				CLANG_WARN_INFINITE_RECURSION = YES;
				CLANG_WARN_INT_CONVERSION = YES;
				CLANG_WARN_NON_LITERAL_NULL_CONVERSION = YES;
				CLANG_WARN_OBJC_IMPLICIT_RETAIN_SELF = YES;
				CLANG_WARN_OBJC_LITERAL_CONVERSION = YES;
				CLANG_WARN_OBJC_ROOT_CLASS = YES_ERROR;
				CLANG_WARN_QUOTED_INCLUDE_IN_FRAMEWORK_HEADER = YES;
				CLANG_WARN_RANGE_LOOP_ANALYSIS = YES;
				CLANG_WARN_STRICT_PROTOTYPES = YES;
				CLANG_WARN_SUSPICIOUS_MOVE = YES;
				CLANG_WARN_UNGUARDED_AVAILABILITY = YES_AGGRESSIVE;
				CLANG_WARN_UNREACHABLE_CODE = YES;
				CLANG_WARN__DUPLICATE_METHOD_MATCH = YES;
				COPY_PHASE_STRIP = NO;
				DEBUG_INFORMATION_FORMAT = dwarf;
				ENABLE_STRICT_OBJC_MSGSEND = YES;
				ENABLE_TESTABILITY = YES;
				GCC_C_LANGUAGE_STANDARD = gnu11;
				GCC_DYNAMIC_NO_PIC = NO;
				GCC_NO_COMMON_BLOCKS = YES;
				GCC_OPTIMIZATION_LEVEL = 0;
				GCC_PREPROCESSOR_DEFINITIONS = (
					"DEBUG=1",
					"$(inherited)",
				);
				GCC_WARN_64_TO_32_BIT_CONVERSION = YES;
				GCC_WARN_ABOUT_RETURN_TYPE = YES_ERROR;
				GCC_WARN_UNDECLARED_SELECTOR = YES;
				GCC_WARN_UNINITIALIZED_AUTOS = YES_AGGRESSIVE;
				GCC_WARN_UNUSED_FUNCTION = YES;
				GCC_WARN_UNUSED_VARIABLE = YES;
				IPHONEOS_DEPLOYMENT_TARGET = 14.1;
				MTL_ENABLE_DEBUG_INFO = INCLUDE_SOURCE;
				MTL_FAST_MATH = YES;
				ONLY_ACTIVE_ARCH = YES;
				SDKROOT = iphoneos;
				SWIFT_ACTIVE_COMPILATION_CONDITIONS = DEBUG;
				SWIFT_OPTIMIZATION_LEVEL = "-Onone";
			};
			name = Debug;
		};
		C40BDBA3255A6BFD00B70101 /* Release */ = {
			isa = XCBuildConfiguration;
			buildSettings = {
				ALWAYS_SEARCH_USER_PATHS = NO;
				CLANG_ANALYZER_NONNULL = YES;
				CLANG_ANALYZER_NUMBER_OBJECT_CONVERSION = YES_AGGRESSIVE;
				CLANG_CXX_LANGUAGE_STANDARD = "gnu++14";
				CLANG_CXX_LIBRARY = "libc++";
				CLANG_ENABLE_MODULES = YES;
				CLANG_ENABLE_OBJC_ARC = YES;
				CLANG_ENABLE_OBJC_WEAK = YES;
				CLANG_WARN_BLOCK_CAPTURE_AUTORELEASING = YES;
				CLANG_WARN_BOOL_CONVERSION = YES;
				CLANG_WARN_COMMA = YES;
				CLANG_WARN_CONSTANT_CONVERSION = YES;
				CLANG_WARN_DEPRECATED_OBJC_IMPLEMENTATIONS = YES;
				CLANG_WARN_DIRECT_OBJC_ISA_USAGE = YES_ERROR;
				CLANG_WARN_DOCUMENTATION_COMMENTS = YES;
				CLANG_WARN_EMPTY_BODY = YES;
				CLANG_WARN_ENUM_CONVERSION = YES;
				CLANG_WARN_INFINITE_RECURSION = YES;
				CLANG_WARN_INT_CONVERSION = YES;
				CLANG_WARN_NON_LITERAL_NULL_CONVERSION = YES;
				CLANG_WARN_OBJC_IMPLICIT_RETAIN_SELF = YES;
				CLANG_WARN_OBJC_LITERAL_CONVERSION = YES;
				CLANG_WARN_OBJC_ROOT_CLASS = YES_ERROR;
				CLANG_WARN_QUOTED_INCLUDE_IN_FRAMEWORK_HEADER = YES;
				CLANG_WARN_RANGE_LOOP_ANALYSIS = YES;
				CLANG_WARN_STRICT_PROTOTYPES = YES;
				CLANG_WARN_SUSPICIOUS_MOVE = YES;
				CLANG_WARN_UNGUARDED_AVAILABILITY = YES_AGGRESSIVE;
				CLANG_WARN_UNREACHABLE_CODE = YES;
				CLANG_WARN__DUPLICATE_METHOD_MATCH = YES;
				COPY_PHASE_STRIP = NO;
				DEBUG_INFORMATION_FORMAT = "dwarf-with-dsym";
				ENABLE_NS_ASSERTIONS = NO;
				ENABLE_STRICT_OBJC_MSGSEND = YES;
				GCC_C_LANGUAGE_STANDARD = gnu11;
				GCC_NO_COMMON_BLOCKS = YES;
				GCC_WARN_64_TO_32_BIT_CONVERSION = YES;
				GCC_WARN_ABOUT_RETURN_TYPE = YES_ERROR;
				GCC_WARN_UNDECLARED_SELECTOR = YES;
				GCC_WARN_UNINITIALIZED_AUTOS = YES_AGGRESSIVE;
				GCC_WARN_UNUSED_FUNCTION = YES;
				GCC_WARN_UNUSED_VARIABLE = YES;
				IPHONEOS_DEPLOYMENT_TARGET = 14.1;
				MTL_ENABLE_DEBUG_INFO = NO;
				MTL_FAST_MATH = YES;
				SDKROOT = iphoneos;
				SWIFT_COMPILATION_MODE = wholemodule;
				SWIFT_OPTIMIZATION_LEVEL = "-O";
				VALIDATE_PRODUCT = YES;
			};
			name = Release;
		};
		C40BDBA5255A6BFD00B70101 /* Debug */ = {
			isa = XCBuildConfiguration;
			baseConfigurationReference = 2D6909CA2A72666E12ECE3F6 /* Pods-demotest.debug.xcconfig */;
			buildSettings = {
				ASSETCATALOG_COMPILER_APPICON_NAME = AppIcon;
				ASSETCATALOG_COMPILER_GLOBAL_ACCENT_COLOR_NAME = AccentColor;
				CLANG_ENABLE_MODULES = YES;
				CODE_SIGN_STYLE = Automatic;
				DEVELOPMENT_ASSET_PATHS = "\"demotest/Preview Content\"";
				DEVELOPMENT_TEAM = K95TA45T9K;
				ENABLE_PREVIEWS = YES;
				INFOPLIST_FILE = demotest/Info.plist;
				IPHONEOS_DEPLOYMENT_TARGET = 10.0;
				LD_RUNPATH_SEARCH_PATHS = (
					"$(inherited)",
					"@executable_path/Frameworks",
				);
				"OTHER_SWIFT_FLAGS[arch=*]" = "-DDEBUG";
				PRODUCT_BUNDLE_IDENTIFIER = com.dakale.demotest;
				PRODUCT_NAME = "$(TARGET_NAME)";
				SWIFT_OBJC_BRIDGING_HEADER = "demotest/demotest-Bridging-Header.h";
				SWIFT_OPTIMIZATION_LEVEL = "-Onone";
				SWIFT_VERSION = 5.0;
				TARGETED_DEVICE_FAMILY = "1,2";
			};
			name = Debug;
		};
		C40BDBA6255A6BFD00B70101 /* Release */ = {
			isa = XCBuildConfiguration;
			baseConfigurationReference = 9FF630FB922566C34627BDE0 /* Pods-demotest.release.xcconfig */;
			buildSettings = {
				ASSETCATALOG_COMPILER_APPICON_NAME = AppIcon;
				ASSETCATALOG_COMPILER_GLOBAL_ACCENT_COLOR_NAME = AccentColor;
				CLANG_ENABLE_MODULES = YES;
				CODE_SIGN_STYLE = Automatic;
				DEVELOPMENT_ASSET_PATHS = "\"demotest/Preview Content\"";
				DEVELOPMENT_TEAM = K95TA45T9K;
				ENABLE_PREVIEWS = YES;
				INFOPLIST_FILE = demotest/Info.plist;
				IPHONEOS_DEPLOYMENT_TARGET = 10.0;
				LD_RUNPATH_SEARCH_PATHS = (
					"$(inherited)",
					"@executable_path/Frameworks",
				);
				PRODUCT_BUNDLE_IDENTIFIER = com.dakale.demotest;
				PRODUCT_NAME = "$(TARGET_NAME)";
				SWIFT_OBJC_BRIDGING_HEADER = "demotest/demotest-Bridging-Header.h";
				SWIFT_VERSION = 5.0;
				TARGETED_DEVICE_FAMILY = "1,2";
			};
			name = Release;
		};
		C40BDBA8255A6BFD00B70101 /* Debug */ = {
			isa = XCBuildConfiguration;
			buildSettings = {
				ALWAYS_EMBED_SWIFT_STANDARD_LIBRARIES = YES;
				BUNDLE_LOADER = "$(TEST_HOST)";
				CODE_SIGN_STYLE = Automatic;
				INFOPLIST_FILE = demotestTests/Info.plist;
				IPHONEOS_DEPLOYMENT_TARGET = 14.1;
				LD_RUNPATH_SEARCH_PATHS = (
					"$(inherited)",
					"@executable_path/Frameworks",
					"@loader_path/Frameworks",
				);
				PRODUCT_BUNDLE_IDENTIFIER = com.dakale.demotestTests;
				PRODUCT_NAME = "$(TARGET_NAME)";
				SWIFT_VERSION = 5.0;
				TARGETED_DEVICE_FAMILY = "1,2";
				TEST_HOST = "$(BUILT_PRODUCTS_DIR)/demotest.app/demotest";
			};
			name = Debug;
		};
		C40BDBA9255A6BFD00B70101 /* Release */ = {
			isa = XCBuildConfiguration;
			buildSettings = {
				ALWAYS_EMBED_SWIFT_STANDARD_LIBRARIES = YES;
				BUNDLE_LOADER = "$(TEST_HOST)";
				CODE_SIGN_STYLE = Automatic;
				INFOPLIST_FILE = demotestTests/Info.plist;
				IPHONEOS_DEPLOYMENT_TARGET = 14.1;
				LD_RUNPATH_SEARCH_PATHS = (
					"$(inherited)",
					"@executable_path/Frameworks",
					"@loader_path/Frameworks",
				);
				PRODUCT_BUNDLE_IDENTIFIER = com.dakale.demotestTests;
				PRODUCT_NAME = "$(TARGET_NAME)";
				SWIFT_VERSION = 5.0;
				TARGETED_DEVICE_FAMILY = "1,2";
				TEST_HOST = "$(BUILT_PRODUCTS_DIR)/demotest.app/demotest";
			};
			name = Release;
		};
		C40BDBAB255A6BFD00B70101 /* Debug */ = {
			isa = XCBuildConfiguration;
			buildSettings = {
				ALWAYS_EMBED_SWIFT_STANDARD_LIBRARIES = YES;
				CODE_SIGN_STYLE = Automatic;
				INFOPLIST_FILE = demotestUITests/Info.plist;
				LD_RUNPATH_SEARCH_PATHS = (
					"$(inherited)",
					"@executable_path/Frameworks",
					"@loader_path/Frameworks",
				);
				PRODUCT_BUNDLE_IDENTIFIER = com.dakale.demotestUITests;
				PRODUCT_NAME = "$(TARGET_NAME)";
				SWIFT_VERSION = 5.0;
				TARGETED_DEVICE_FAMILY = "1,2";
				TEST_TARGET_NAME = demotest;
			};
			name = Debug;
		};
		C40BDBAC255A6BFD00B70101 /* Release */ = {
			isa = XCBuildConfiguration;
			buildSettings = {
				ALWAYS_EMBED_SWIFT_STANDARD_LIBRARIES = YES;
				CODE_SIGN_STYLE = Automatic;
				INFOPLIST_FILE = demotestUITests/Info.plist;
				LD_RUNPATH_SEARCH_PATHS = (
					"$(inherited)",
					"@executable_path/Frameworks",
					"@loader_path/Frameworks",
				);
				PRODUCT_BUNDLE_IDENTIFIER = com.dakale.demotestUITests;
				PRODUCT_NAME = "$(TARGET_NAME)";
				SWIFT_VERSION = 5.0;
				TARGETED_DEVICE_FAMILY = "1,2";
				TEST_TARGET_NAME = demotest;
			};
			name = Release;
		};
/* End XCBuildConfiguration section */

/* Begin XCConfigurationList section */
		C40BDB75255A6BFC00B70101 /* Build configuration list for PBXProject "demotest" */ = {
			isa = XCConfigurationList;
			buildConfigurations = (
				C40BDBA2255A6BFD00B70101 /* Debug */,
				C40BDBA3255A6BFD00B70101 /* Release */,
			);
			defaultConfigurationIsVisible = 0;
			defaultConfigurationName = Release;
		};
		C40BDBA4255A6BFD00B70101 /* Build configuration list for PBXNativeTarget "demotest" */ = {
			isa = XCConfigurationList;
			buildConfigurations = (
				C40BDBA5255A6BFD00B70101 /* Debug */,
				C40BDBA6255A6BFD00B70101 /* Release */,
			);
			defaultConfigurationIsVisible = 0;
			defaultConfigurationName = Release;
		};
		C40BDBA7255A6BFD00B70101 /* Build configuration list for PBXNativeTarget "demotestTests" */ = {
			isa = XCConfigurationList;
			buildConfigurations = (
				C40BDBA8255A6BFD00B70101 /* Debug */,
				C40BDBA9255A6BFD00B70101 /* Release */,
			);
			defaultConfigurationIsVisible = 0;
			defaultConfigurationName = Release;
		};
		C40BDBAA255A6BFD00B70101 /* Build configuration list for PBXNativeTarget "demotestUITests" */ = {
			isa = XCConfigurationList;
			buildConfigurations = (
				C40BDBAB255A6BFD00B70101 /* Debug */,
				C40BDBAC255A6BFD00B70101 /* Release */,
			);
			defaultConfigurationIsVisible = 0;
			defaultConfigurationName = Release;
		};
/* End XCConfigurationList section */
	};
	rootObject = C40BDB72255A6BFC00B70101 /* Project object */;
}
